// !$*UTF8*$!
{
	archiveVersion = 1;
	classes = {
	};
	objectVersion = 56;
	objects = {

/* Begin PBXBuildFile section */
		1CD04D9C2874391F005DC5A1 /* myWidgetApp.swift in Sources */ = {isa = PBXBuildFile; fileRef = 1CD04D9B2874391F005DC5A1 /* myWidgetApp.swift */; };
		1CD04D9E2874391F005DC5A1 /* ContentView.swift in Sources */ = {isa = PBXBuildFile; fileRef = 1CD04D9D2874391F005DC5A1 /* ContentView.swift */; };
		1CD04DA028743922005DC5A1 /* Assets.xcassets in Resources */ = {isa = PBXBuildFile; fileRef = 1CD04D9F28743922005DC5A1 /* Assets.xcassets */; };
		1CD04DA428743922005DC5A1 /* Preview Assets.xcassets in Resources */ = {isa = PBXBuildFile; fileRef = 1CD04DA328743922005DC5A1 /* Preview Assets.xcassets */; };
		1CD04DAE28743922005DC5A1 /* myWidgetTests.swift in Sources */ = {isa = PBXBuildFile; fileRef = 1CD04DAD28743922005DC5A1 /* myWidgetTests.swift */; };
		1CD04DB828743922005DC5A1 /* myWidgetUITests.swift in Sources */ = {isa = PBXBuildFile; fileRef = 1CD04DB728743922005DC5A1 /* myWidgetUITests.swift */; };
		1CD04DBA28743922005DC5A1 /* myWidgetUITestsLaunchTests.swift in Sources */ = {isa = PBXBuildFile; fileRef = 1CD04DB928743922005DC5A1 /* myWidgetUITestsLaunchTests.swift */; };
		1CD04DCD28743971005DC5A1 /* WidgetKit.framework in Frameworks */ = {isa = PBXBuildFile; fileRef = 1CD04DCC28743971005DC5A1 /* WidgetKit.framework */; };
		1CD04DCF28743971005DC5A1 /* SwiftUI.framework in Frameworks */ = {isa = PBXBuildFile; fileRef = 1CD04DCE28743971005DC5A1 /* SwiftUI.framework */; };
		1CD04DD228743971005DC5A1 /* idkwhattonamethiswidget.swift in Sources */ = {isa = PBXBuildFile; fileRef = 1CD04DD128743971005DC5A1 /* idkwhattonamethiswidget.swift */; };
		1CD04DD528743975005DC5A1 /* Assets.xcassets in Resources */ = {isa = PBXBuildFile; fileRef = 1CD04DD428743975005DC5A1 /* Assets.xcassets */; };
		1CD04DD728743975005DC5A1 /* idkwhattonamethiswidget.intentdefinition in Sources */ = {isa = PBXBuildFile; fileRef = 1CD04DD328743971005DC5A1 /* idkwhattonamethiswidget.intentdefinition */; };
		1CD04DD828743975005DC5A1 /* idkwhattonamethiswidget.intentdefinition in Sources */ = {isa = PBXBuildFile; fileRef = 1CD04DD328743971005DC5A1 /* idkwhattonamethiswidget.intentdefinition */; };
		1CD04DDB28743975005DC5A1 /* idkwhattonamethiswidgetExtension.appex in Embed Foundation Extensions */ = {isa = PBXBuildFile; fileRef = 1CD04DCA28743971005DC5A1 /* idkwhattonamethiswidgetExtension.appex */; settings = {ATTRIBUTES = (RemoveHeadersOnCopy, ); }; };
/* End PBXBuildFile section */

/* Begin PBXContainerItemProxy section */
		1CD04DAA28743922005DC5A1 /* PBXContainerItemProxy */ = {
			isa = PBXContainerItemProxy;
			containerPortal = 1CD04D902874391F005DC5A1 /* Project object */;
			proxyType = 1;
			remoteGlobalIDString = 1CD04D972874391F005DC5A1;
			remoteInfo = myWidget;
		};
		1CD04DB428743922005DC5A1 /* PBXContainerItemProxy */ = {
			isa = PBXContainerItemProxy;
			containerPortal = 1CD04D902874391F005DC5A1 /* Project object */;
			proxyType = 1;
			remoteGlobalIDString = 1CD04D972874391F005DC5A1;
			remoteInfo = myWidget;
		};
		1CD04DD928743975005DC5A1 /* PBXContainerItemProxy */ = {
			isa = PBXContainerItemProxy;
			containerPortal = 1CD04D902874391F005DC5A1 /* Project object */;
			proxyType = 1;
			remoteGlobalIDString = 1CD04DC928743971005DC5A1;
			remoteInfo = idkwhattonamethiswidgetExtension;
		};
/* End PBXContainerItemProxy section */

/* Begin PBXCopyFilesBuildPhase section */
		1CD04DDF28743976005DC5A1 /* Embed Foundation Extensions */ = {
			isa = PBXCopyFilesBuildPhase;
			buildActionMask = 2147483647;
			dstPath = "";
			dstSubfolderSpec = 13;
			files = (
				1CD04DDB28743975005DC5A1 /* idkwhattonamethiswidgetExtension.appex in Embed Foundation Extensions */,
			);
			name = "Embed Foundation Extensions";
			runOnlyForDeploymentPostprocessing = 0;
		};
/* End PBXCopyFilesBuildPhase section */

/* Begin PBXFileReference section */
		1CD04D982874391F005DC5A1 /* myWidget.app */ = {isa = PBXFileReference; explicitFileType = wrapper.application; includeInIndex = 0; path = myWidget.app; sourceTree = BUILT_PRODUCTS_DIR; };
		1CD04D9B2874391F005DC5A1 /* myWidgetApp.swift */ = {isa = PBXFileReference; lastKnownFileType = sourcecode.swift; path = myWidgetApp.swift; sourceTree = "<group>"; };
		1CD04D9D2874391F005DC5A1 /* ContentView.swift */ = {isa = PBXFileReference; lastKnownFileType = sourcecode.swift; path = ContentView.swift; sourceTree = "<group>"; };
		1CD04D9F28743922005DC5A1 /* Assets.xcassets */ = {isa = PBXFileReference; lastKnownFileType = folder.assetcatalog; path = Assets.xcassets; sourceTree = "<group>"; };
		1CD04DA128743922005DC5A1 /* myWidget.entitlements */ = {isa = PBXFileReference; lastKnownFileType = text.plist.entitlements; path = myWidget.entitlements; sourceTree = "<group>"; };
		1CD04DA328743922005DC5A1 /* Preview Assets.xcassets */ = {isa = PBXFileReference; lastKnownFileType = folder.assetcatalog; path = "Preview Assets.xcassets"; sourceTree = "<group>"; };
		1CD04DA928743922005DC5A1 /* myWidgetTests.xctest */ = {isa = PBXFileReference; explicitFileType = wrapper.cfbundle; includeInIndex = 0; path = myWidgetTests.xctest; sourceTree = BUILT_PRODUCTS_DIR; };
		1CD04DAD28743922005DC5A1 /* myWidgetTests.swift */ = {isa = PBXFileReference; lastKnownFileType = sourcecode.swift; path = myWidgetTests.swift; sourceTree = "<group>"; };
		1CD04DB328743922005DC5A1 /* myWidgetUITests.xctest */ = {isa = PBXFileReference; explicitFileType = wrapper.cfbundle; includeInIndex = 0; path = myWidgetUITests.xctest; sourceTree = BUILT_PRODUCTS_DIR; };
		1CD04DB728743922005DC5A1 /* myWidgetUITests.swift */ = {isa = PBXFileReference; lastKnownFileType = sourcecode.swift; path = myWidgetUITests.swift; sourceTree = "<group>"; };
		1CD04DB928743922005DC5A1 /* myWidgetUITestsLaunchTests.swift */ = {isa = PBXFileReference; lastKnownFileType = sourcecode.swift; path = myWidgetUITestsLaunchTests.swift; sourceTree = "<group>"; };
		1CD04DCA28743971005DC5A1 /* idkwhattonamethiswidgetExtension.appex */ = {isa = PBXFileReference; explicitFileType = "wrapper.app-extension"; includeInIndex = 0; path = idkwhattonamethiswidgetExtension.appex; sourceTree = BUILT_PRODUCTS_DIR; };
		1CD04DCC28743971005DC5A1 /* WidgetKit.framework */ = {isa = PBXFileReference; lastKnownFileType = wrapper.framework; name = WidgetKit.framework; path = System/Library/Frameworks/WidgetKit.framework; sourceTree = SDKROOT; };
		1CD04DCE28743971005DC5A1 /* SwiftUI.framework */ = {isa = PBXFileReference; lastKnownFileType = wrapper.framework; name = SwiftUI.framework; path = System/Library/Frameworks/SwiftUI.framework; sourceTree = SDKROOT; };
		1CD04DD128743971005DC5A1 /* idkwhattonamethiswidget.swift */ = {isa = PBXFileReference; lastKnownFileType = sourcecode.swift; path = idkwhattonamethiswidget.swift; sourceTree = "<group>"; };
		1CD04DD328743971005DC5A1 /* idkwhattonamethiswidget.intentdefinition */ = {isa = PBXFileReference; lastKnownFileType = file.intentdefinition; path = idkwhattonamethiswidget.intentdefinition; sourceTree = "<group>"; };
		1CD04DD428743975005DC5A1 /* Assets.xcassets */ = {isa = PBXFileReference; lastKnownFileType = folder.assetcatalog; path = Assets.xcassets; sourceTree = "<group>"; };
		1CD04DD628743975005DC5A1 /* Info.plist */ = {isa = PBXFileReference; lastKnownFileType = text.plist.xml; path = Info.plist; sourceTree = "<group>"; };
/* End PBXFileReference section */

/* Begin PBXFrameworksBuildPhase section */
		1CD04D952874391F005DC5A1 /* Frameworks */ = {
			isa = PBXFrameworksBuildPhase;
			buildActionMask = 2147483647;
			files = (
			);
			runOnlyForDeploymentPostprocessing = 0;
		};
		1CD04DA628743922005DC5A1 /* Frameworks */ = {
			isa = PBXFrameworksBuildPhase;
			buildActionMask = 2147483647;
			files = (
			);
			runOnlyForDeploymentPostprocessing = 0;
		};
		1CD04DB028743922005DC5A1 /* Frameworks */ = {
			isa = PBXFrameworksBuildPhase;
			buildActionMask = 2147483647;
			files = (
			);
			runOnlyForDeploymentPostprocessing = 0;
		};
		1CD04DC728743971005DC5A1 /* Frameworks */ = {
			isa = PBXFrameworksBuildPhase;
			buildActionMask = 2147483647;
			files = (
				1CD04DCF28743971005DC5A1 /* SwiftUI.framework in Frameworks */,
				1CD04DCD28743971005DC5A1 /* WidgetKit.framework in Frameworks */,
			);
			runOnlyForDeploymentPostprocessing = 0;
		};
/* End PBXFrameworksBuildPhase section */

/* Begin PBXGroup section */
		1CD04D8F2874391F005DC5A1 = {
			isa = PBXGroup;
			children = (
				1CD04D9A2874391F005DC5A1 /* myWidget */,
				1CD04DAC28743922005DC5A1 /* myWidgetTests */,
				1CD04DB628743922005DC5A1 /* myWidgetUITests */,
				1CD04DD028743971005DC5A1 /* idkwhattonamethiswidget */,
				1CD04DCB28743971005DC5A1 /* Frameworks */,
				1CD04D992874391F005DC5A1 /* Products */,
			);
			sourceTree = "<group>";
		};
		1CD04D992874391F005DC5A1 /* Products */ = {
			isa = PBXGroup;
			children = (
				1CD04D982874391F005DC5A1 /* myWidget.app */,
				1CD04DA928743922005DC5A1 /* myWidgetTests.xctest */,
				1CD04DB328743922005DC5A1 /* myWidgetUITests.xctest */,
				1CD04DCA28743971005DC5A1 /* idkwhattonamethiswidgetExtension.appex */,
			);
			name = Products;
			sourceTree = "<group>";
		};
		1CD04D9A2874391F005DC5A1 /* myWidget */ = {
			isa = PBXGroup;
			children = (
				1CD04D9B2874391F005DC5A1 /* myWidgetApp.swift */,
				1CD04D9D2874391F005DC5A1 /* ContentView.swift */,
				1CD04D9F28743922005DC5A1 /* Assets.xcassets */,
				1CD04DA128743922005DC5A1 /* myWidget.entitlements */,
				1CD04DA228743922005DC5A1 /* Preview Content */,
			);
			path = myWidget;
			sourceTree = "<group>";
		};
		1CD04DA228743922005DC5A1 /* Preview Content */ = {
			isa = PBXGroup;
			children = (
				1CD04DA328743922005DC5A1 /* Preview Assets.xcassets */,
			);
			path = "Preview Content";
			sourceTree = "<group>";
		};
		1CD04DAC28743922005DC5A1 /* myWidgetTests */ = {
			isa = PBXGroup;
			children = (
				1CD04DAD28743922005DC5A1 /* myWidgetTests.swift */,
			);
			path = myWidgetTests;
			sourceTree = "<group>";
		};
		1CD04DB628743922005DC5A1 /* myWidgetUITests */ = {
			isa = PBXGroup;
			children = (
				1CD04DB728743922005DC5A1 /* myWidgetUITests.swift */,
				1CD04DB928743922005DC5A1 /* myWidgetUITestsLaunchTests.swift */,
			);
			path = myWidgetUITests;
			sourceTree = "<group>";
		};
		1CD04DCB28743971005DC5A1 /* Frameworks */ = {
			isa = PBXGroup;
			children = (
				1CD04DCC28743971005DC5A1 /* WidgetKit.framework */,
				1CD04DCE28743971005DC5A1 /* SwiftUI.framework */,
			);
			name = Frameworks;
			sourceTree = "<group>";
		};
		1CD04DD028743971005DC5A1 /* idkwhattonamethiswidget */ = {
			isa = PBXGroup;
			children = (
				1CD04DD128743971005DC5A1 /* idkwhattonamethiswidget.swift */,
				1CD04DD328743971005DC5A1 /* idkwhattonamethiswidget.intentdefinition */,
				1CD04DD428743975005DC5A1 /* Assets.xcassets */,
				1CD04DD628743975005DC5A1 /* Info.plist */,
			);
			path = idkwhattonamethiswidget;
			sourceTree = "<group>";
		};
/* End PBXGroup section */

/* Begin PBXNativeTarget section */
		1CD04D972874391F005DC5A1 /* myWidget */ = {
			isa = PBXNativeTarget;
			buildConfigurationList = 1CD04DBD28743922005DC5A1 /* Build configuration list for PBXNativeTarget "myWidget" */;
			buildPhases = (
				1CD04D942874391F005DC5A1 /* Sources */,
				1CD04D952874391F005DC5A1 /* Frameworks */,
				1CD04D962874391F005DC5A1 /* Resources */,
				1CD04DDF28743976005DC5A1 /* Embed Foundation Extensions */,
			);
			buildRules = (
			);
			dependencies = (
				1CD04DDA28743975005DC5A1 /* PBXTargetDependency */,
			);
			name = myWidget;
			productName = myWidget;
			productReference = 1CD04D982874391F005DC5A1 /* myWidget.app */;
			productType = "com.apple.product-type.application";
		};
		1CD04DA828743922005DC5A1 /* myWidgetTests */ = {
			isa = PBXNativeTarget;
			buildConfigurationList = 1CD04DC028743922005DC5A1 /* Build configuration list for PBXNativeTarget "myWidgetTests" */;
			buildPhases = (
				1CD04DA528743922005DC5A1 /* Sources */,
				1CD04DA628743922005DC5A1 /* Frameworks */,
				1CD04DA728743922005DC5A1 /* Resources */,
			);
			buildRules = (
			);
			dependencies = (
				1CD04DAB28743922005DC5A1 /* PBXTargetDependency */,
			);
			name = myWidgetTests;
			productName = myWidgetTests;
			productReference = 1CD04DA928743922005DC5A1 /* myWidgetTests.xctest */;
			productType = "com.apple.product-type.bundle.unit-test";
		};
		1CD04DB228743922005DC5A1 /* myWidgetUITests */ = {
			isa = PBXNativeTarget;
			buildConfigurationList = 1CD04DC328743922005DC5A1 /* Build configuration list for PBXNativeTarget "myWidgetUITests" */;
			buildPhases = (
				1CD04DAF28743922005DC5A1 /* Sources */,
				1CD04DB028743922005DC5A1 /* Frameworks */,
				1CD04DB128743922005DC5A1 /* Resources */,
			);
			buildRules = (
			);
			dependencies = (
				1CD04DB528743922005DC5A1 /* PBXTargetDependency */,
			);
			name = myWidgetUITests;
			productName = myWidgetUITests;
			productReference = 1CD04DB328743922005DC5A1 /* myWidgetUITests.xctest */;
			productType = "com.apple.product-type.bundle.ui-testing";
		};
		1CD04DC928743971005DC5A1 /* idkwhattonamethiswidgetExtension */ = {
			isa = PBXNativeTarget;
			buildConfigurationList = 1CD04DDC28743976005DC5A1 /* Build configuration list for PBXNativeTarget "idkwhattonamethiswidgetExtension" */;
			buildPhases = (
				1CD04DC628743971005DC5A1 /* Sources */,
				1CD04DC728743971005DC5A1 /* Frameworks */,
				1CD04DC828743971005DC5A1 /* Resources */,
			);
			buildRules = (
			);
			dependencies = (
			);
			name = idkwhattonamethiswidgetExtension;
			productName = idkwhattonamethiswidgetExtension;
			productReference = 1CD04DCA28743971005DC5A1 /* idkwhattonamethiswidgetExtension.appex */;
			productType = "com.apple.product-type.app-extension";
		};
/* End PBXNativeTarget section */

/* Begin PBXProject section */
		1CD04D902874391F005DC5A1 /* Project object */ = {
			isa = PBXProject;
			attributes = {
				BuildIndependentTargetsInParallel = 1;
				LastSwiftUpdateCheck = 1400;
				LastUpgradeCheck = 1400;
				TargetAttributes = {
					1CD04D972874391F005DC5A1 = {
						CreatedOnToolsVersion = 14.0;
					};
					1CD04DA828743922005DC5A1 = {
						CreatedOnToolsVersion = 14.0;
						TestTargetID = 1CD04D972874391F005DC5A1;
					};
					1CD04DB228743922005DC5A1 = {
						CreatedOnToolsVersion = 14.0;
						TestTargetID = 1CD04D972874391F005DC5A1;
					};
					1CD04DC928743971005DC5A1 = {
						CreatedOnToolsVersion = 14.0;
					};
				};
			};
			buildConfigurationList = 1CD04D932874391F005DC5A1 /* Build configuration list for PBXProject "myWidget" */;
			compatibilityVersion = "Xcode 14.0";
			developmentRegion = en;
			hasScannedForEncodings = 0;
			knownRegions = (
				en,
				Base,
			);
			mainGroup = 1CD04D8F2874391F005DC5A1;
			productRefGroup = 1CD04D992874391F005DC5A1 /* Products */;
			projectDirPath = "";
			projectRoot = "";
			targets = (
				1CD04D972874391F005DC5A1 /* myWidget */,
				1CD04DA828743922005DC5A1 /* myWidgetTests */,
				1CD04DB228743922005DC5A1 /* myWidgetUITests */,
				1CD04DC928743971005DC5A1 /* idkwhattonamethiswidgetExtension */,
			);
		};
/* End PBXProject section */

/* Begin PBXResourcesBuildPhase section */
		1CD04D962874391F005DC5A1 /* Resources */ = {
			isa = PBXResourcesBuildPhase;
			buildActionMask = 2147483647;
			files = (
				1CD04DA428743922005DC5A1 /* Preview Assets.xcassets in Resources */,
				1CD04DA028743922005DC5A1 /* Assets.xcassets in Resources */,
			);
			runOnlyForDeploymentPostprocessing = 0;
		};
		1CD04DA728743922005DC5A1 /* Resources */ = {
			isa = PBXResourcesBuildPhase;
			buildActionMask = 2147483647;
			files = (
			);
			runOnlyForDeploymentPostprocessing = 0;
		};
		1CD04DB128743922005DC5A1 /* Resources */ = {
			isa = PBXResourcesBuildPhase;
			buildActionMask = 2147483647;
			files = (
			);
			runOnlyForDeploymentPostprocessing = 0;
		};
		1CD04DC828743971005DC5A1 /* Resources */ = {
			isa = PBXResourcesBuildPhase;
			buildActionMask = 2147483647;
			files = (
				1CD04DD528743975005DC5A1 /* Assets.xcassets in Resources */,
			);
			runOnlyForDeploymentPostprocessing = 0;
		};
/* End PBXResourcesBuildPhase section */

/* Begin PBXSourcesBuildPhase section */
		1CD04D942874391F005DC5A1 /* Sources */ = {
			isa = PBXSourcesBuildPhase;
			buildActionMask = 2147483647;
			files = (
				1CD04D9E2874391F005DC5A1 /* ContentView.swift in Sources */,
				1CD04D9C2874391F005DC5A1 /* myWidgetApp.swift in Sources */,
				1CD04DD828743975005DC5A1 /* idkwhattonamethiswidget.intentdefinition in Sources */,
			);
			runOnlyForDeploymentPostprocessing = 0;
		};
		1CD04DA528743922005DC5A1 /* Sources */ = {
			isa = PBXSourcesBuildPhase;
			buildActionMask = 2147483647;
			files = (
				1CD04DAE28743922005DC5A1 /* myWidgetTests.swift in Sources */,
			);
			runOnlyForDeploymentPostprocessing = 0;
		};
		1CD04DAF28743922005DC5A1 /* Sources */ = {
			isa = PBXSourcesBuildPhase;
			buildActionMask = 2147483647;
			files = (
				1CD04DBA28743922005DC5A1 /* myWidgetUITestsLaunchTests.swift in Sources */,
				1CD04DB828743922005DC5A1 /* myWidgetUITests.swift in Sources */,
			);
			runOnlyForDeploymentPostprocessing = 0;
		};
		1CD04DC628743971005DC5A1 /* Sources */ = {
			isa = PBXSourcesBuildPhase;
			buildActionMask = 2147483647;
			files = (
				1CD04DD228743971005DC5A1 /* idkwhattonamethiswidget.swift in Sources */,
				1CD04DD728743975005DC5A1 /* idkwhattonamethiswidget.intentdefinition in Sources */,
			);
			runOnlyForDeploymentPostprocessing = 0;
		};
/* End PBXSourcesBuildPhase section */

/* Begin PBXTargetDependency section */
		1CD04DAB28743922005DC5A1 /* PBXTargetDependency */ = {
			isa = PBXTargetDependency;
			target = 1CD04D972874391F005DC5A1 /* myWidget */;
			targetProxy = 1CD04DAA28743922005DC5A1 /* PBXContainerItemProxy */;
		};
		1CD04DB528743922005DC5A1 /* PBXTargetDependency */ = {
			isa = PBXTargetDependency;
			target = 1CD04D972874391F005DC5A1 /* myWidget */;
			targetProxy = 1CD04DB428743922005DC5A1 /* PBXContainerItemProxy */;
		};
		1CD04DDA28743975005DC5A1 /* PBXTargetDependency */ = {
			isa = PBXTargetDependency;
			target = 1CD04DC928743971005DC5A1 /* idkwhattonamethiswidgetExtension */;
			targetProxy = 1CD04DD928743975005DC5A1 /* PBXContainerItemProxy */;
		};
/* End PBXTargetDependency section */

/* Begin XCBuildConfiguration section */
		1CD04DBB28743922005DC5A1 /* Debug */ = {
			isa = XCBuildConfiguration;
			buildSettings = {
				ALWAYS_SEARCH_USER_PATHS = NO;
				CLANG_ANALYZER_NONNULL = YES;
				CLANG_ANALYZER_NUMBER_OBJECT_CONVERSION = YES_AGGRESSIVE;
				CLANG_CXX_LANGUAGE_STANDARD = "gnu++17";
				CLANG_ENABLE_MODULES = YES;
				CLANG_ENABLE_OBJC_ARC = YES;
				CLANG_ENABLE_OBJC_WEAK = YES;
				CLANG_WARN_BLOCK_CAPTURE_AUTORELEASING = YES;
				CLANG_WARN_BOOL_CONVERSION = YES;
				CLANG_WARN_COMMA = YES;
				CLANG_WARN_CONSTANT_CONVERSION = YES;
				CLANG_WARN_DEPRECATED_OBJC_IMPLEMENTATIONS = YES;
				CLANG_WARN_DIRECT_OBJC_ISA_USAGE = YES_ERROR;
				CLANG_WARN_DOCUMENTATION_COMMENTS = YES;
				CLANG_WARN_EMPTY_BODY = YES;
				CLANG_WARN_ENUM_CONVERSION = YES;
				CLANG_WARN_INFINITE_RECURSION = YES;
				CLANG_WARN_INT_CONVERSION = YES;
				CLANG_WARN_NON_LITERAL_NULL_CONVERSION = YES;
				CLANG_WARN_OBJC_IMPLICIT_RETAIN_SELF = YES;
				CLANG_WARN_OBJC_LITERAL_CONVERSION = YES;
				CLANG_WARN_OBJC_ROOT_CLASS = YES_ERROR;
				CLANG_WARN_QUOTED_INCLUDE_IN_FRAMEWORK_HEADER = YES;
				CLANG_WARN_RANGE_LOOP_ANALYSIS = YES;
				CLANG_WARN_STRICT_PROTOTYPES = YES;
				CLANG_WARN_SUSPICIOUS_MOVE = YES;
				CLANG_WARN_UNGUARDED_AVAILABILITY = YES_AGGRESSIVE;
				CLANG_WARN_UNREACHABLE_CODE = YES;
				CLANG_WARN__DUPLICATE_METHOD_MATCH = YES;
				COPY_PHASE_STRIP = NO;
				DEBUG_INFORMATION_FORMAT = dwarf;
				ENABLE_STRICT_OBJC_MSGSEND = YES;
				ENABLE_TESTABILITY = YES;
				GCC_C_LANGUAGE_STANDARD = gnu11;
				GCC_DYNAMIC_NO_PIC = NO;
				GCC_NO_COMMON_BLOCKS = YES;
				GCC_OPTIMIZATION_LEVEL = 0;
				GCC_PREPROCESSOR_DEFINITIONS = (
					"DEBUG=1",
					"$(inherited)",
				);
				GCC_WARN_64_TO_32_BIT_CONVERSION = YES;
				GCC_WARN_ABOUT_RETURN_TYPE = YES_ERROR;
				GCC_WARN_UNDECLARED_SELECTOR = YES;
				GCC_WARN_UNINITIALIZED_AUTOS = YES_AGGRESSIVE;
				GCC_WARN_UNUSED_FUNCTION = YES;
				GCC_WARN_UNUSED_VARIABLE = YES;
				MTL_ENABLE_DEBUG_INFO = INCLUDE_SOURCE;
				MTL_FAST_MATH = YES;
				ONLY_ACTIVE_ARCH = YES;
				SWIFT_ACTIVE_COMPILATION_CONDITIONS = DEBUG;
				SWIFT_OPTIMIZATION_LEVEL = "-Onone";
			};
			name = Debug;
		};
		1CD04DBC28743922005DC5A1 /* Release */ = {
			isa = XCBuildConfiguration;
			buildSettings = {
				ALWAYS_SEARCH_USER_PATHS = NO;
				CLANG_ANALYZER_NONNULL = YES;
				CLANG_ANALYZER_NUMBER_OBJECT_CONVERSION = YES_AGGRESSIVE;
				CLANG_CXX_LANGUAGE_STANDARD = "gnu++17";
				CLANG_ENABLE_MODULES = YES;
				CLANG_ENABLE_OBJC_ARC = YES;
				CLANG_ENABLE_OBJC_WEAK = YES;
				CLANG_WARN_BLOCK_CAPTURE_AUTORELEASING = YES;
				CLANG_WARN_BOOL_CONVERSION = YES;
				CLANG_WARN_COMMA = YES;
				CLANG_WARN_CONSTANT_CONVERSION = YES;
				CLANG_WARN_DEPRECATED_OBJC_IMPLEMENTATIONS = YES;
				CLANG_WARN_DIRECT_OBJC_ISA_USAGE = YES_ERROR;
				CLANG_WARN_DOCUMENTATION_COMMENTS = YES;
				CLANG_WARN_EMPTY_BODY = YES;
				CLANG_WARN_ENUM_CONVERSION = YES;
				CLANG_WARN_INFINITE_RECURSION = YES;
				CLANG_WARN_INT_CONVERSION = YES;
				CLANG_WARN_NON_LITERAL_NULL_CONVERSION = YES;
				CLANG_WARN_OBJC_IMPLICIT_RETAIN_SELF = YES;
				CLANG_WARN_OBJC_LITERAL_CONVERSION = YES;
				CLANG_WARN_OBJC_ROOT_CLASS = YES_ERROR;
				CLANG_WARN_QUOTED_INCLUDE_IN_FRAMEWORK_HEADER = YES;
				CLANG_WARN_RANGE_LOOP_ANALYSIS = YES;
				CLANG_WARN_STRICT_PROTOTYPES = YES;
				CLANG_WARN_SUSPICIOUS_MOVE = YES;
				CLANG_WARN_UNGUARDED_AVAILABILITY = YES_AGGRESSIVE;
				CLANG_WARN_UNREACHABLE_CODE = YES;
				CLANG_WARN__DUPLICATE_METHOD_MATCH = YES;
				COPY_PHASE_STRIP = NO;
				DEBUG_INFORMATION_FORMAT = "dwarf-with-dsym";
				ENABLE_NS_ASSERTIONS = NO;
				ENABLE_STRICT_OBJC_MSGSEND = YES;
				GCC_C_LANGUAGE_STANDARD = gnu11;
				GCC_NO_COMMON_BLOCKS = YES;
				GCC_WARN_64_TO_32_BIT_CONVERSION = YES;
				GCC_WARN_ABOUT_RETURN_TYPE = YES_ERROR;
				GCC_WARN_UNDECLARED_SELECTOR = YES;
				GCC_WARN_UNINITIALIZED_AUTOS = YES_AGGRESSIVE;
				GCC_WARN_UNUSED_FUNCTION = YES;
				GCC_WARN_UNUSED_VARIABLE = YES;
				MTL_ENABLE_DEBUG_INFO = NO;
				MTL_FAST_MATH = YES;
				SWIFT_COMPILATION_MODE = wholemodule;
				SWIFT_OPTIMIZATION_LEVEL = "-O";
			};
			name = Release;
		};
		1CD04DBE28743922005DC5A1 /* Debug */ = {
			isa = XCBuildConfiguration;
			buildSettings = {
				ALWAYS_EMBED_SWIFT_STANDARD_LIBRARIES = YES;
				ASSETCATALOG_COMPILER_APPICON_NAME = AppIcon;
				ASSETCATALOG_COMPILER_GLOBAL_ACCENT_COLOR_NAME = AccentColor;
				CODE_SIGN_ENTITLEMENTS = myWidget/myWidget.entitlements;
				CODE_SIGN_STYLE = Automatic;
				CURRENT_PROJECT_VERSION = 1;
				DEVELOPMENT_ASSET_PATHS = "\"myWidget/Preview Content\"";
				DEVELOPMENT_TEAM = 23M3RBF46C;
				ENABLE_HARDENED_RUNTIME = YES;
				ENABLE_PREVIEWS = YES;
				GENERATE_INFOPLIST_FILE = YES;
				"INFOPLIST_KEY_UILaunchScreen_Generation[sdk=iphoneos*]" = YES;
				"INFOPLIST_KEY_UILaunchScreen_Generation[sdk=iphonesimulator*]" = YES;
				INFOPLIST_KEY_UISupportedInterfaceOrientations_iPad = "UIInterfaceOrientationPortrait UIInterfaceOrientationPortraitUpsideDown UIInterfaceOrientationLandscapeLeft UIInterfaceOrientationLandscapeRight";
				INFOPLIST_KEY_UISupportedInterfaceOrientations_iPhone = "UIInterfaceOrientationPortrait UIInterfaceOrientationLandscapeLeft UIInterfaceOrientationLandscapeRight";
				IPHONEOS_DEPLOYMENT_TARGET = 16.0;
				LD_RUNPATH_SEARCH_PATHS = "@executable_path/Frameworks";
				"LD_RUNPATH_SEARCH_PATHS[sdk=macosx*]" = "@executable_path/../Frameworks";
				MACOSX_DEPLOYMENT_TARGET = 12.4;
				MARKETING_VERSION = 1.0;
				PRODUCT_BUNDLE_IDENTIFIER = Retrapps.myWidget;
				PRODUCT_NAME = "$(TARGET_NAME)";
				SDKROOT = auto;
				SUPPORTED_PLATFORMS = "iphoneos iphonesimulator macosx";
				SWIFT_EMIT_LOC_STRINGS = YES;
				SWIFT_VERSION = 5.0;
				TARGETED_DEVICE_FAMILY = "1,2";
			};
			name = Debug;
		};
		1CD04DBF28743922005DC5A1 /* Release */ = {
			isa = XCBuildConfiguration;
			buildSettings = {
				ALWAYS_EMBED_SWIFT_STANDARD_LIBRARIES = YES;
				ASSETCATALOG_COMPILER_APPICON_NAME = AppIcon;
				ASSETCATALOG_COMPILER_GLOBAL_ACCENT_COLOR_NAME = AccentColor;
				CODE_SIGN_ENTITLEMENTS = myWidget/myWidget.entitlements;
				CODE_SIGN_STYLE = Automatic;
				CURRENT_PROJECT_VERSION = 1;
				DEVELOPMENT_ASSET_PATHS = "\"myWidget/Preview Content\"";
				DEVELOPMENT_TEAM = 23M3RBF46C;
				ENABLE_HARDENED_RUNTIME = YES;
				ENABLE_PREVIEWS = YES;
				GENERATE_INFOPLIST_FILE = YES;
				"INFOPLIST_KEY_UILaunchScreen_Generation[sdk=iphoneos*]" = YES;
				"INFOPLIST_KEY_UILaunchScreen_Generation[sdk=iphonesimulator*]" = YES;
				INFOPLIST_KEY_UISupportedInterfaceOrientations_iPad = "UIInterfaceOrientationPortrait UIInterfaceOrientationPortraitUpsideDown UIInterfaceOrientationLandscapeLeft UIInterfaceOrientationLandscapeRight";
				INFOPLIST_KEY_UISupportedInterfaceOrientations_iPhone = "UIInterfaceOrientationPortrait UIInterfaceOrientationLandscapeLeft UIInterfaceOrientationLandscapeRight";
				IPHONEOS_DEPLOYMENT_TARGET = 16.0;
				LD_RUNPATH_SEARCH_PATHS = "@executable_path/Frameworks";
				"LD_RUNPATH_SEARCH_PATHS[sdk=macosx*]" = "@executable_path/../Frameworks";
				MACOSX_DEPLOYMENT_TARGET = 12.4;
				MARKETING_VERSION = 1.0;
				PRODUCT_BUNDLE_IDENTIFIER = Retrapps.myWidget;
				PRODUCT_NAME = "$(TARGET_NAME)";
				SDKROOT = auto;
				SUPPORTED_PLATFORMS = "iphoneos iphonesimulator macosx";
				SWIFT_EMIT_LOC_STRINGS = YES;
				SWIFT_VERSION = 5.0;
				TARGETED_DEVICE_FAMILY = "1,2";
			};
			name = Release;
		};
		1CD04DC128743922005DC5A1 /* Debug */ = {
			isa = XCBuildConfiguration;
			buildSettings = {
				ALWAYS_EMBED_SWIFT_STANDARD_LIBRARIES = YES;
				BUNDLE_LOADER = "$(TEST_HOST)";
				CODE_SIGN_STYLE = Automatic;
				CURRENT_PROJECT_VERSION = 1;
				DEVELOPMENT_TEAM = 23M3RBF46C;
				GENERATE_INFOPLIST_FILE = YES;
				IPHONEOS_DEPLOYMENT_TARGET = 16.0;
				MACOSX_DEPLOYMENT_TARGET = 12.4;
				MARKETING_VERSION = 1.0;
				PRODUCT_BUNDLE_IDENTIFIER = Retrapps.myWidgetTests;
				PRODUCT_NAME = "$(TARGET_NAME)";
				SDKROOT = auto;
				SUPPORTED_PLATFORMS = "iphoneos iphonesimulator macosx";
				SWIFT_EMIT_LOC_STRINGS = NO;
				SWIFT_VERSION = 5.0;
				TARGETED_DEVICE_FAMILY = "1,2";
				TEST_HOST = "$(BUILT_PRODUCTS_DIR)/myWidget.app/$(BUNDLE_EXECUTABLE_FOLDER_PATH)/myWidget";
			};
			name = Debug;
		};
		1CD04DC228743922005DC5A1 /* Release */ = {
			isa = XCBuildConfiguration;
			buildSettings = {
				ALWAYS_EMBED_SWIFT_STANDARD_LIBRARIES = YES;
				BUNDLE_LOADER = "$(TEST_HOST)";
				CODE_SIGN_STYLE = Automatic;
				CURRENT_PROJECT_VERSION = 1;
				DEVELOPMENT_TEAM = 23M3RBF46C;
				GENERATE_INFOPLIST_FILE = YES;
				IPHONEOS_DEPLOYMENT_TARGET = 16.0;
				MACOSX_DEPLOYMENT_TARGET = 12.4;
				MARKETING_VERSION = 1.0;
				PRODUCT_BUNDLE_IDENTIFIER = Retrapps.myWidgetTests;
				PRODUCT_NAME = "$(TARGET_NAME)";
				SDKROOT = auto;
				SUPPORTED_PLATFORMS = "iphoneos iphonesimulator macosx";
				SWIFT_EMIT_LOC_STRINGS = NO;
				SWIFT_VERSION = 5.0;
				TARGETED_DEVICE_FAMILY = "1,2";
				TEST_HOST = "$(BUILT_PRODUCTS_DIR)/myWidget.app/$(BUNDLE_EXECUTABLE_FOLDER_PATH)/myWidget";
			};
			name = Release;
		};
		1CD04DC428743922005DC5A1 /* Debug */ = {
			isa = XCBuildConfiguration;
			buildSettings = {
				ALWAYS_EMBED_SWIFT_STANDARD_LIBRARIES = YES;
				CODE_SIGN_STYLE = Automatic;
				CURRENT_PROJECT_VERSION = 1;
				DEVELOPMENT_TEAM = 23M3RBF46C;
				GENERATE_INFOPLIST_FILE = YES;
				IPHONEOS_DEPLOYMENT_TARGET = 16.0;
				MACOSX_DEPLOYMENT_TARGET = 12.4;
				MARKETING_VERSION = 1.0;
				PRODUCT_BUNDLE_IDENTIFIER = Retrapps.myWidgetUITests;
				PRODUCT_NAME = "$(TARGET_NAME)";
				SDKROOT = auto;
				SUPPORTED_PLATFORMS = "iphoneos iphonesimulator macosx";
				SWIFT_EMIT_LOC_STRINGS = NO;
				SWIFT_VERSION = 5.0;
				TARGETED_DEVICE_FAMILY = "1,2";
				TEST_TARGET_NAME = myWidget;
			};
			name = Debug;
		};
		1CD04DC528743922005DC5A1 /* Release */ = {
			isa = XCBuildConfiguration;
			buildSettings = {
				ALWAYS_EMBED_SWIFT_STANDARD_LIBRARIES = YES;
				CODE_SIGN_STYLE = Automatic;
				CURRENT_PROJECT_VERSION = 1;
				DEVELOPMENT_TEAM = 23M3RBF46C;
				GENERATE_INFOPLIST_FILE = YES;
				IPHONEOS_DEPLOYMENT_TARGET = 16.0;
				MACOSX_DEPLOYMENT_TARGET = 12.4;
				MARKETING_VERSION = 1.0;
				PRODUCT_BUNDLE_IDENTIFIER = Retrapps.myWidgetUITests;
				PRODUCT_NAME = "$(TARGET_NAME)";
				SDKROOT = auto;
				SUPPORTED_PLATFORMS = "iphoneos iphonesimulator macosx";
				SWIFT_EMIT_LOC_STRINGS = NO;
				SWIFT_VERSION = 5.0;
				TARGETED_DEVICE_FAMILY = "1,2";
				TEST_TARGET_NAME = myWidget;
			};
			name = Release;
		};
		1CD04DDD28743976005DC5A1 /* Debug */ = {
			isa = XCBuildConfiguration;
			buildSettings = {
				ASSETCATALOG_COMPILER_GLOBAL_ACCENT_COLOR_NAME = AccentColor;
				ASSETCATALOG_COMPILER_WIDGET_BACKGROUND_COLOR_NAME = WidgetBackground;
				CODE_SIGN_STYLE = Automatic;
				CURRENT_PROJECT_VERSION = 1;
				DEVELOPMENT_TEAM = 23M3RBF46C;
				GENERATE_INFOPLIST_FILE = YES;
				INFOPLIST_FILE = idkwhattonamethiswidget/Info.plist;
				INFOPLIST_KEY_CFBundleDisplayName = idkwhattonamethiswidget;
				INFOPLIST_KEY_NSHumanReadableCopyright = "";
				IPHONEOS_DEPLOYMENT_TARGET = 16.0;
				LD_RUNPATH_SEARCH_PATHS = (
					"$(inherited)",
					"@executable_path/Frameworks",
					"@executable_path/../../Frameworks",
				);
				MARKETING_VERSION = 1.0;
				PRODUCT_BUNDLE_IDENTIFIER = Retrapps.myWidget.idkwhattonamethiswidget;
				PRODUCT_NAME = "$(TARGET_NAME)";
				SDKROOT = iphoneos;
				SKIP_INSTALL = YES;
				SWIFT_EMIT_LOC_STRINGS = YES;
				SWIFT_VERSION = 5.0;
				TARGETED_DEVICE_FAMILY = "1,2";
			};
			name = Debug;
		};
		1CD04DDE28743976005DC5A1 /* Release */ = {
			isa = XCBuildConfiguration;
			buildSettings = {
				ASSETCATALOG_COMPILER_GLOBAL_ACCENT_COLOR_NAME = AccentColor;
				ASSETCATALOG_COMPILER_WIDGET_BACKGROUND_COLOR_NAME = WidgetBackground;
				CODE_SIGN_STYLE = Automatic;
				CURRENT_PROJECT_VERSION = 1;
				DEVELOPMENT_TEAM = 23M3RBF46C;
				GENERATE_INFOPLIST_FILE = YES;
				INFOPLIST_FILE = idkwhattonamethiswidget/Info.plist;
				INFOPLIST_KEY_CFBundleDisplayName = idkwhattonamethiswidget;
				INFOPLIST_KEY_NSHumanReadableCopyright = "";
				IPHONEOS_DEPLOYMENT_TARGET = 16.0;
				LD_RUNPATH_SEARCH_PATHS = (
					"$(inherited)",
					"@executable_path/Frameworks",
					"@executable_path/../../Frameworks",
				);
				MARKETING_VERSION = 1.0;
				PRODUCT_BUNDLE_IDENTIFIER = Retrapps.myWidget.idkwhattonamethiswidget;
				PRODUCT_NAME = "$(TARGET_NAME)";
				SDKROOT = iphoneos;
				SKIP_INSTALL = YES;
				SWIFT_EMIT_LOC_STRINGS = YES;
				SWIFT_VERSION = 5.0;
				TARGETED_DEVICE_FAMILY = "1,2";
				VALIDATE_PRODUCT = YES;
			};
			name = Release;
		};
/* End XCBuildConfiguration section */

/* Begin XCConfigurationList section */
		1CD04D932874391F005DC5A1 /* Build configuration list for PBXProject "myWidget" */ = {
			isa = XCConfigurationList;
			buildConfigurations = (
				1CD04DBB28743922005DC5A1 /* Debug */,
				1CD04DBC28743922005DC5A1 /* Release */,
			);
			defaultConfigurationIsVisible = 0;
			defaultConfigurationName = Release;
		};
		1CD04DBD28743922005DC5A1 /* Build configuration list for PBXNativeTarget "myWidget" */ = {
			isa = XCConfigurationList;
			buildConfigurations = (
				1CD04DBE28743922005DC5A1 /* Debug */,
				1CD04DBF28743922005DC5A1 /* Release */,
			);
			defaultConfigurationIsVisible = 0;
			defaultConfigurationName = Release;
		};
		1CD04DC028743922005DC5A1 /* Build configuration list for PBXNativeTarget "myWidgetTests" */ = {
			isa = XCConfigurationList;
			buildConfigurations = (
				1CD04DC128743922005DC5A1 /* Debug */,
				1CD04DC228743922005DC5A1 /* Release */,
			);
			defaultConfigurationIsVisible = 0;
			defaultConfigurationName = Release;
		};
		1CD04DC328743922005DC5A1 /* Build configuration list for PBXNativeTarget "myWidgetUITests" */ = {
			isa = XCConfigurationList;
			buildConfigurations = (
				1CD04DC428743922005DC5A1 /* Debug */,
				1CD04DC528743922005DC5A1 /* Release */,
			);
			defaultConfigurationIsVisible = 0;
			defaultConfigurationName = Release;
		};
		1CD04DDC28743976005DC5A1 /* Build configuration list for PBXNativeTarget "idkwhattonamethiswidgetExtension" */ = {
			isa = XCConfigurationList;
			buildConfigurations = (
				1CD04DDD28743976005DC5A1 /* Debug */,
				1CD04DDE28743976005DC5A1 /* Release */,
			);
			defaultConfigurationIsVisible = 0;
			defaultConfigurationName = Release;
		};
/* End XCConfigurationList section */
	};
	rootObject = 1CD04D902874391F005DC5A1 /* Project object */;
}
